
Microsoft Visual Studio Solution File, Format Version 12.00
# Visual Studio Version 17
VisualStudioVersion = 17.2.32602.215
MinimumVisualStudioVersion = 10.0.40219.1
Project("{8BC9CEB8-8B4A-11D0-8D11-00A0C91BC942}") = "DrawExperiments_Ex3", "DrawExperiments_Ex3.vcxproj", "{CD430455-CBB3-4A99-9C37-4715BA8C7BB0}"
EndProject
Global
	GlobalSection(SolutionConfigurationPlatforms) = preSolution
		Debug|x64 = Debug|x64
		Debug|x86 = Debug|x86
		Release|x64 = Release|x64
		Release|x86 = Release|x86
	EndGlobalSection
	GlobalSection(ProjectConfigurationPlatforms) = postSolution
		{CD430455-CBB3-4A99-9C37-4715BA8C7BB0}.Debug|x64.ActiveCfg = Debug|x64
		{CD430455-CBB3-4A99-9C37-4715BA8C7BB0}.Debug|x64.Build.0 = Debug|x64
		{CD430455-CBB3-4A99-9C37-4715BA8C7BB0}.Debug|x86.ActiveCfg = Debug|Win32
		{CD430455-CBB3-4A99-9C37-4715BA8C7BB0}.Debug|x86.Build.0 = Debug|Win32
		{CD430455-CBB3-4A99-9C37-4715BA8C7BB0}.Release|x64.ActiveCfg = Release|x64
		{CD430455-CBB3-4A99-9C37-4715BA8C7BB0}.Release|x64.Build.0 = Release|x64
		{CD430455-CBB3-4A99-9C37-4715BA8C7BB0}.Release|x86.ActiveCfg = Release|Win32
		{CD430455-CBB3-4A99-9C37-4715BA8C7BB0}.Release|x86.Build.0 = Release|Win32
	EndGlobalSection
	GlobalSection(SolutionProperties) = preSolution
		HideSolutionNode = FALSE
	EndGlobalSection
	GlobalSection(ExtensibilityGlobals) = postSolution
		SolutionGuid = {7DB50172-A896-43BA-AE66-712872845DCF}
	EndGlobalSection
EndGlobal
