
Microsoft Visual Studio Solution File, Format Version 12.00
# Visual Studio Version 17
VisualStudioVersion = 17.2.32526.322
MinimumVisualStudioVersion = 10.0.40219.1
Project("{2150E333-8FDC-42A3-9474-1A3956D46DE8}") = "zChapter 16 Instancing and Frustum Culling", "zChapter 16 Instancing and Frustum Culling", "{90630E09-8FD7-4510-9CA0-A2136935368C}"
EndProject
Project("{8BC9CEB8-8B4A-11D0-8D11-00A0C91BC942}") = "InstancingAndCulling", "..\..\Chapter 16 Instancing and Frustum Culling\InstancingAndCulling\InstancingAndCulling.vcxproj", "{08EDFAC3-2447-4CDF-9B1F-D91C8D9887E7}"
EndProject
Project("{2150E333-8FDC-42A3-9474-1A3956D46DE8}") = "zChapter 15 First Person Camera and Dynamic Indexing", "zChapter 15 First Person Camera and Dynamic Indexing", "{9DD823BA-3AEF-45A5-8EA1-B453CF4D78DB}"
EndProject
Project("{8BC9CEB8-8B4A-11D0-8D11-00A0C91BC942}") = "CameraAndDynamicIndexing", "..\..\Chapter 15 First Person Camera and Dynamic Indexing\CameraAndDynamicIndexing\CameraAndDynamicIndexing.vcxproj", "{EBA44FF6-C000-495A-ABE9-E6848AF88F17}"
EndProject
Project("{2150E333-8FDC-42A3-9474-1A3956D46DE8}") = "zChapter 14 The Tessellation Stages", "zChapter 14 The Tessellation Stages", "{34EB023C-D9A0-414B-BE7D-C747A78E4F5C}"
EndProject
Project("{8BC9CEB8-8B4A-11D0-8D11-00A0C91BC942}") = "BasicTessellation", "..\..\Chapter 14 The Tessellation Stages\BasicTessellation\BasicTessellation.vcxproj", "{66252CDA-3422-41DD-B089-393287D6E614}"
EndProject
Project("{8BC9CEB8-8B4A-11D0-8D11-00A0C91BC942}") = "BezierPatch", "..\..\Chapter 14 The Tessellation Stages\BezierPatch\BezierPatch.vcxproj", "{F2BE9056-354C-40EA-A16E-3335F07678A6}"
EndProject
Project("{8BC9CEB8-8B4A-11D0-8D11-00A0C91BC942}") = "TriangleTessellation", "..\..\Chapter 14 The Tessellation Stages\TriangleTessellation\TriangleTessellation.vcxproj", "{64B58804-1012-4A5B-921C-2DA1D631D5E4}"
EndProject
Project("{2150E333-8FDC-42A3-9474-1A3956D46DE8}") = "zChapter 17 Picking", "zChapter 17 Picking", "{BC7A8527-E24F-4F89-97AF-301120D6D00A}"
EndProject
Project("{8BC9CEB8-8B4A-11D0-8D11-00A0C91BC942}") = "Picking", "..\..\Chapter 17 Picking\Picking\Picking.vcxproj", "{BA776CBA-A555-43D1-B4B8-82A3BEFEFDB9}"
EndProject
Project("{2150E333-8FDC-42A3-9474-1A3956D46DE8}") = "zChapter 18 Cube Mapping", "zChapter 18 Cube Mapping", "{2DB2BB1B-984F-4CE4-857A-09B96F21A50D}"
EndProject
Project("{8BC9CEB8-8B4A-11D0-8D11-00A0C91BC942}") = "CubeMap", "..\..\Chapter 18 Cube Mapping\CubeMap\CubeMap.vcxproj", "{75FB9415-C135-4C93-9B35-8C27FB9BF7F3}"
EndProject
Project("{8BC9CEB8-8B4A-11D0-8D11-00A0C91BC942}") = "DynamicCube", "..\..\Chapter 18 Cube Mapping\DynamicCube\DynamicCube.vcxproj", "{454E2EDD-4E64-49AE-8B29-9AC94FAC2494}"
EndProject
Project("{2150E333-8FDC-42A3-9474-1A3956D46DE8}") = "zChapter 19 Normal Mapping", "zChapter 19 Normal Mapping", "{B21A9AD8-42DA-4305-97B7-E50B07D0D20D}"
EndProject
Project("{8BC9CEB8-8B4A-11D0-8D11-00A0C91BC942}") = "NormalMap", "..\..\Chapter 19 Normal Mapping\NormalMap\NormalMap.vcxproj", "{BDD38E45-5E08-4654-80AB-204A7C4A3FF3}"
EndProject
Project("{2150E333-8FDC-42A3-9474-1A3956D46DE8}") = "zChapter 20 Shadow Mapping", "zChapter 20 Shadow Mapping", "{F218FEF7-50F6-4284-A9F1-554D10D2BB4C}"
EndProject
Project("{8BC9CEB8-8B4A-11D0-8D11-00A0C91BC942}") = "Shadows", "..\..\Chapter 20 Shadow Mapping\Shadows\Shadows.vcxproj", "{BE228814-A8FE-45F3-91A8-5F73AD61AB02}"
EndProject
Project("{2150E333-8FDC-42A3-9474-1A3956D46DE8}") = "fChapter 8 Lighting", "fChapter 8 Lighting", "{DE4190B1-3FFA-43E6-9A58-C083F5298677}"
EndProject
Project("{8BC9CEB8-8B4A-11D0-8D11-00A0C91BC942}") = "LitWaves", "..\..\Chapter 8 Lighting\LitWaves\LitWaves.vcxproj", "{2D456930-7EE8-4CE4-965A-A85A744F8515}"
EndProject
Project("{8BC9CEB8-8B4A-11D0-8D11-00A0C91BC942}") = "LitColumns", "..\..\Chapter 8 Lighting\LitColumns\LitColumns.vcxproj", "{8713DCC9-E21C-485A-99E5-B8D1E5AD91B6}"
EndProject
Project("{2150E333-8FDC-42A3-9474-1A3956D46DE8}") = "zChapter 21 Ambient Occlusion", "zChapter 21 Ambient Occlusion", "{73D3FA0F-8085-43A2-BE56-4FF99D7D24ED}"
EndProject
Project("{8BC9CEB8-8B4A-11D0-8D11-00A0C91BC942}") = "Ssao", "..\..\Chapter 21 Ambient Occlusion\Ssao\Ssao.vcxproj", "{19D1BAEA-0053-4B68-A3A3-FE3A2F4D7E46}"
EndProject
Project("{2150E333-8FDC-42A3-9474-1A3956D46DE8}") = "aChapter 1 Vector Algebra", "aChapter 1 Vector Algebra", "{66BE599E-CE02-4440-A4CD-31154A7432EA}"
EndProject
Project("{2150E333-8FDC-42A3-9474-1A3956D46DE8}") = "bChapter 2 Matrix Algebra", "bChapter 2 Matrix Algebra", "{763243BB-34AD-41D5-A255-757AD272D86B}"
EndProject
Project("{8BC9CEB8-8B4A-11D0-8D11-00A0C91BC942}") = "XMMATRIX", "..\..\Chapter 2 Matrix Algebra\XMMATRIX\XMMATRIX.vcxproj", "{7CDBAD5D-00B5-4477-965E-803411B39454}"
EndProject
Project("{8BC9CEB8-8B4A-11D0-8D11-00A0C91BC942}") = "XMVECTORZZX", "..\..\Chapter 1 Vector Algebra\XMVECTORZZX\XMVECTORZZX.vcxproj", "{A6E2E3B7-2B0D-42C5-8793-ED3826D11267}"
EndProject
Project("{8BC9CEB8-8B4A-11D0-8D11-00A0C91BC942}") = "SetterFunctions", "..\..\Chapter 1 Vector Algebra\SetterFunctions\SetterFunctions.vcxproj", "{313FDBB5-6FD1-4109-B3D9-DD7F943E981D}"
EndProject
Project("{8BC9CEB8-8B4A-11D0-8D11-00A0C91BC942}") = "VectorFunctions", "..\..\Chapter 1 Vector Algebra\VectorFunctions\VectorFunctions.vcxproj", "{845F508D-8AB3-4A87-8CA7-C6C85D4FC049}"
EndProject
Project("{8BC9CEB8-8B4A-11D0-8D11-00A0C91BC942}") = "FloatingPointError", "..\..\Chapter 1 Vector Algebra\FloatingPointError\FloatingPointError.vcxproj", "{2E36C05E-EE34-4F1A-98C0-46951826465E}"
EndProject
Project("{8BC9CEB8-8B4A-11D0-8D11-00A0C91BC942}") = "XMMATRIXExercise", "..\..\Chapter 2 Matrix Algebra\XMMATRIXExercise\XMMATRIXExercise.vcxproj", "{795555A9-D557-4467-97CE-D911C2A83FA5}"
EndProject
Project("{2150E333-8FDC-42A3-9474-1A3956D46DE8}") = "cChapter 4 Direct3D Initialization", "cChapter 4 Direct3D Initialization", "{760C2CE2-5A2C-4A98-9635-7278EC29F60D}"
EndProject
Project("{8BC9CEB8-8B4A-11D0-8D11-00A0C91BC942}") = "Init Direct3D", "..\..\Chapter 4 Direct3D Initialization\Init Direct3D\Init Direct3D.vcxproj", "{C4680F18-E037-4881-A760-CF9AC4C668C5}"
EndProject
Project("{2150E333-8FDC-42A3-9474-1A3956D46DE8}") = "dChapter 6 Drawing in Direct3D", "dChapter 6 Drawing in Direct3D", "{139CAB3C-DDCE-48D8-BAD5-CBFCD7EA1883}"
EndProject
Project("{8BC9CEB8-8B4A-11D0-8D11-00A0C91BC942}") = "Box", "..\..\Chapter 6 Drawing in Direct3D\Box\Box.vcxproj", "{B590A678-E935-4AED-AF1F-3B6D02A4AE95}"
EndProject
Project("{2150E333-8FDC-42A3-9474-1A3956D46DE8}") = "eChapter 7 Drawing in Direct3D Part II", "eChapter 7 Drawing in Direct3D Part II", "{17142145-F6B6-4739-BA82-984A7C967F45}"
EndProject
Project("{8BC9CEB8-8B4A-11D0-8D11-00A0C91BC942}") = "LandAndWaves", "..\..\Chapter 7 Drawing in Direct3D Part II\LandAndWaves\LandAndWaves.vcxproj", "{BDC63514-5D6B-4C7E-BC4F-11F19364456A}"
EndProject
Project("{8BC9CEB8-8B4A-11D0-8D11-00A0C91BC942}") = "Shapes", "..\..\Chapter 7 Drawing in Direct3D Part II\Shapes\Shapes.vcxproj", "{3F4D6E80-3635-4577-B6AC-CE8B90068BDD}"
EndProject
Project("{2150E333-8FDC-42A3-9474-1A3956D46DE8}") = "zAppendix A Introduction to Windows Programming", "zAppendix A Introduction to Windows Programming", "{98738A80-C66F-4A0D-9926-1E74BBF30338}"
EndProject
Project("{8BC9CEB8-8B4A-11D0-8D11-00A0C91BC942}") = "Win32Basic", "..\..\AppendixA\Win32Basic\Win32Basic.vcxproj", "{CC70F8A7-F444-431E-AD79-9451FBDDD6C2}"
EndProject
Project("{2150E333-8FDC-42A3-9474-1A3956D46DE8}") = "zMyDemos", "zMyDemos", "{E6CE4C2E-321C-4147-BDC5-1F8351B28AAB}"
EndProject
Project("{8BC9CEB8-8B4A-11D0-8D11-00A0C91BC942}") = "Line drawing and anti aliasing", "..\..\MyDemos\Line drawing and anti aliasing\Line drawing and anti aliasing.vcxproj", "{D232909E-96E9-4DB0-948F-2A4CFE9523FE}"
EndProject
Project("{8BC9CEB8-8B4A-11D0-8D11-00A0C91BC942}") = "InputEleDes_Ex1", "..\..\Chapter 6 Drawing in Direct3D\InputEleDes_Ex1\InputEleDes_Ex1.vcxproj", "{9A7A8A96-BCBD-4F71-ACC2-97F4B249348F}"
EndProject
Project("{8BC9CEB8-8B4A-11D0-8D11-00A0C91BC942}") = "MultipleInputSlots_Ex2", "..\..\Chapter 6 Drawing in Direct3D\MultipleInputSlots_Ex2\MultipleInputSlots_Ex2.vcxproj", "{AADC3E72-64A2-4329-934A-9F10A18A2EB4}"
EndProject
Project("{8BC9CEB8-8B4A-11D0-8D11-00A0C91BC942}") = "DrawExperiments_Ex3", "..\..\Chapter 6 Drawing in Direct3D\DrawExperiments_Ex3\DrawExperiments_Ex3.vcxproj", "{CD430455-CBB3-4A99-9C37-4715BA8C7BB0}"
EndProject
Project("{8BC9CEB8-8B4A-11D0-8D11-00A0C91BC942}") = "Pyramid_Ex4", "..\..\Chapter 6 Drawing in Direct3D\Pyramid_Ex4\Pyramid_Ex4.vcxproj", "{EF57D46A-E2DF-4E41-A1BE-38A50504727F}"
EndProject
Project("{8BC9CEB8-8B4A-11D0-8D11-00A0C91BC942}") = "AnimatedBoxVertex_Ex6", "..\..\Chapter 6 Drawing in Direct3D\AnimatedBoxVertex_Ex6\AnimatedBoxVertex_Ex6.vcxproj", "{9B73E713-1885-4497-859D-96F23C5B4241}"
EndProject
Project("{8BC9CEB8-8B4A-11D0-8D11-00A0C91BC942}") = "BoxPyramid_Ex7", "..\..\Chapter 6 Drawing in Direct3D\BoxPyramid_Ex7\BoxPyramid_Ex7.vcxproj", "{F333FA0C-2AC5-45BC-B0AC-329F1010EB84}"
EndProject
Project("{8BC9CEB8-8B4A-11D0-8D11-00A0C91BC942}") = "Pulse_Ex16", "..\..\Chapter 6 Drawing in Direct3D\Pulse_Ex16\Pulse_Ex16.vcxproj", "{FF995222-9160-428F-98AA-A5089B361AF4}"
EndProject
Project("{8BC9CEB8-8B4A-11D0-8D11-00A0C91BC942}") = "RootConstants_Ex2", "..\..\Chapter 7 Drawing in Direct3D Part II\RootConstants_Ex2\RootConstants_Ex2.vcxproj", "{948DC38F-7E88-4601-8972-A9A1E5D33CFE}"
EndProject
Project("{8BC9CEB8-8B4A-11D0-8D11-00A0C91BC942}") = "SkullMesh_Ex3", "..\..\Chapter 7 Drawing in Direct3D Part II\SkullMesh_Ex3\SkullMesh_Ex3.vcxproj", "{70215FDF-6480-4887-9B81-A4AE46FDE9E9}"
EndProject
Project("{8BC9CEB8-8B4A-11D0-8D11-00A0C91BC942}") = "PointLight_Ex4", "..\..\Chapter 8 Lighting\PointLight_Ex4\PointLight_Ex4.vcxproj", "{AB8E79E5-61BC-4962-A8F9-6DBA6460B5F0}"
EndProject
Project("{8BC9CEB8-8B4A-11D0-8D11-00A0C91BC942}") = "SpotLight_Ex5", "..\..\Chapter 8 Lighting\SpotLight_Ex5\SpotLight_Ex5.vcxproj", "{75D060CC-E53A-40B8-8BBB-9EAF4F5165AC}"
EndProject
Project("{8BC9CEB8-8B4A-11D0-8D11-00A0C91BC942}") = "ToonShading_Ex6", "..\..\Chapter 8 Lighting\ToonShading_Ex6\ToonShading_Ex6.vcxproj", "{7E7DBAF0-07FC-47E6-827D-D3E713C3A06E}"
EndProject
Project("{2150E333-8FDC-42A3-9474-1A3956D46DE8}") = "gChapter 9 Texturing", "gChapter 9 Texturing", "{8957D891-DD93-426A-8918-A7AC290D75FC}"
EndProject
Project("{8BC9CEB8-8B4A-11D0-8D11-00A0C91BC942}") = "TexWaves", "..\..\Chapter 9 Texturing\TexWaves\TexWaves.vcxproj", "{0EB5ECAA-3BCB-4B58-9FA9-88176C0E1CFF}"
EndProject
Project("{8BC9CEB8-8B4A-11D0-8D11-00A0C91BC942}") = "TexColumns", "..\..\Chapter 9 Texturing\TexColumns\TexColumns.vcxproj", "{23D47CEE-6F04-46F2-B680-AF36FB5A386A}"
EndProject
Project("{8BC9CEB8-8B4A-11D0-8D11-00A0C91BC942}") = "Crate", "..\..\Chapter 9 Texturing\Crate\Crate.vcxproj", "{99BAD649-F897-4374-B69D-EEB3F9CAE027}"
EndProject
Project("{8BC9CEB8-8B4A-11D0-8D11-00A0C91BC942}") = "Multitexturing_Ex3", "..\..\Chapter 9 Texturing\Multitexturing_Ex3\Multitexturing_Ex3.vcxproj", "{E5D49BD5-86C4-488D-B373-19E9964EB9C0}"
EndProject
Project("{2150E333-8FDC-42A3-9474-1A3956D46DE8}") = "hChapter 10 Blending", "hChapter 10 Blending", "{8B984F9C-4A17-4861-9ED6-E7B4CDE71326}"
EndProject
Project("{8BC9CEB8-8B4A-11D0-8D11-00A0C91BC942}") = "BlendDemo", "..\..\Chapter 10 Blending\BlendDemo\BlendDemo.vcxproj", "{5ED524F3-165A-425D-B380-3FA556A48005}"
EndProject
Project("{2150E333-8FDC-42A3-9474-1A3956D46DE8}") = "iChapter 11 Stenciling", "iChapter 11 Stenciling", "{84B5ABAD-1D04-4D97-9193-1F90D81AB465}"
EndProject
Project("{8BC9CEB8-8B4A-11D0-8D11-00A0C91BC942}") = "StencilDemo", "..\..\Chapter 11 Stenciling\StencilDemo\StencilDemo.vcxproj", "{BB2E3DFF-5328-43B3-A8A1-1E881AFE7884}"
EndProject
Global
	GlobalSection(SolutionConfigurationPlatforms) = preSolution
		Debug|x64 = Debug|x64
		Debug|x86 = Debug|x86
		Release|x64 = Release|x64
		Release|x86 = Release|x86
	EndGlobalSection
	GlobalSection(ProjectConfigurationPlatforms) = postSolution
		{08EDFAC3-2447-4CDF-9B1F-D91C8D9887E7}.Debug|x64.ActiveCfg = Debug|x64
		{08EDFAC3-2447-4CDF-9B1F-D91C8D9887E7}.Debug|x64.Build.0 = Debug|x64
		{08EDFAC3-2447-4CDF-9B1F-D91C8D9887E7}.Debug|x86.ActiveCfg = Debug|Win32
		{08EDFAC3-2447-4CDF-9B1F-D91C8D9887E7}.Debug|x86.Build.0 = Debug|Win32
		{08EDFAC3-2447-4CDF-9B1F-D91C8D9887E7}.Release|x64.ActiveCfg = Release|x64
		{08EDFAC3-2447-4CDF-9B1F-D91C8D9887E7}.Release|x64.Build.0 = Release|x64
		{08EDFAC3-2447-4CDF-9B1F-D91C8D9887E7}.Release|x86.ActiveCfg = Release|Win32
		{08EDFAC3-2447-4CDF-9B1F-D91C8D9887E7}.Release|x86.Build.0 = Release|Win32
		{EBA44FF6-C000-495A-ABE9-E6848AF88F17}.Debug|x64.ActiveCfg = Debug|x64
		{EBA44FF6-C000-495A-ABE9-E6848AF88F17}.Debug|x64.Build.0 = Debug|x64
		{EBA44FF6-C000-495A-ABE9-E6848AF88F17}.Debug|x86.ActiveCfg = Debug|Win32
		{EBA44FF6-C000-495A-ABE9-E6848AF88F17}.Debug|x86.Build.0 = Debug|Win32
		{EBA44FF6-C000-495A-ABE9-E6848AF88F17}.Release|x64.ActiveCfg = Release|x64
		{EBA44FF6-C000-495A-ABE9-E6848AF88F17}.Release|x64.Build.0 = Release|x64
		{EBA44FF6-C000-495A-ABE9-E6848AF88F17}.Release|x86.ActiveCfg = Release|Win32
		{EBA44FF6-C000-495A-ABE9-E6848AF88F17}.Release|x86.Build.0 = Release|Win32
		{66252CDA-3422-41DD-B089-393287D6E614}.Debug|x64.ActiveCfg = Debug|x64
		{66252CDA-3422-41DD-B089-393287D6E614}.Debug|x64.Build.0 = Debug|x64
		{66252CDA-3422-41DD-B089-393287D6E614}.Debug|x86.ActiveCfg = Debug|Win32
		{66252CDA-3422-41DD-B089-393287D6E614}.Debug|x86.Build.0 = Debug|Win32
		{66252CDA-3422-41DD-B089-393287D6E614}.Release|x64.ActiveCfg = Release|x64
		{66252CDA-3422-41DD-B089-393287D6E614}.Release|x64.Build.0 = Release|x64
		{66252CDA-3422-41DD-B089-393287D6E614}.Release|x86.ActiveCfg = Release|Win32
		{66252CDA-3422-41DD-B089-393287D6E614}.Release|x86.Build.0 = Release|Win32
		{F2BE9056-354C-40EA-A16E-3335F07678A6}.Debug|x64.ActiveCfg = Debug|x64
		{F2BE9056-354C-40EA-A16E-3335F07678A6}.Debug|x64.Build.0 = Debug|x64
		{F2BE9056-354C-40EA-A16E-3335F07678A6}.Debug|x86.ActiveCfg = Debug|Win32
		{F2BE9056-354C-40EA-A16E-3335F07678A6}.Debug|x86.Build.0 = Debug|Win32
		{F2BE9056-354C-40EA-A16E-3335F07678A6}.Release|x64.ActiveCfg = Release|x64
		{F2BE9056-354C-40EA-A16E-3335F07678A6}.Release|x64.Build.0 = Release|x64
		{F2BE9056-354C-40EA-A16E-3335F07678A6}.Release|x86.ActiveCfg = Release|Win32
		{F2BE9056-354C-40EA-A16E-3335F07678A6}.Release|x86.Build.0 = Release|Win32
		{64B58804-1012-4A5B-921C-2DA1D631D5E4}.Debug|x64.ActiveCfg = Debug|x64
		{64B58804-1012-4A5B-921C-2DA1D631D5E4}.Debug|x64.Build.0 = Debug|x64
		{64B58804-1012-4A5B-921C-2DA1D631D5E4}.Debug|x86.ActiveCfg = Debug|Win32
		{64B58804-1012-4A5B-921C-2DA1D631D5E4}.Debug|x86.Build.0 = Debug|Win32
		{64B58804-1012-4A5B-921C-2DA1D631D5E4}.Release|x64.ActiveCfg = Release|x64
		{64B58804-1012-4A5B-921C-2DA1D631D5E4}.Release|x64.Build.0 = Release|x64
		{64B58804-1012-4A5B-921C-2DA1D631D5E4}.Release|x86.ActiveCfg = Release|Win32
		{64B58804-1012-4A5B-921C-2DA1D631D5E4}.Release|x86.Build.0 = Release|Win32
		{BA776CBA-A555-43D1-B4B8-82A3BEFEFDB9}.Debug|x64.ActiveCfg = Debug|x64
		{BA776CBA-A555-43D1-B4B8-82A3BEFEFDB9}.Debug|x64.Build.0 = Debug|x64
		{BA776CBA-A555-43D1-B4B8-82A3BEFEFDB9}.Debug|x86.ActiveCfg = Debug|Win32
		{BA776CBA-A555-43D1-B4B8-82A3BEFEFDB9}.Debug|x86.Build.0 = Debug|Win32
		{BA776CBA-A555-43D1-B4B8-82A3BEFEFDB9}.Release|x64.ActiveCfg = Release|x64
		{BA776CBA-A555-43D1-B4B8-82A3BEFEFDB9}.Release|x64.Build.0 = Release|x64
		{BA776CBA-A555-43D1-B4B8-82A3BEFEFDB9}.Release|x86.ActiveCfg = Release|Win32
		{BA776CBA-A555-43D1-B4B8-82A3BEFEFDB9}.Release|x86.Build.0 = Release|Win32
		{75FB9415-C135-4C93-9B35-8C27FB9BF7F3}.Debug|x64.ActiveCfg = Debug|x64
		{75FB9415-C135-4C93-9B35-8C27FB9BF7F3}.Debug|x64.Build.0 = Debug|x64
		{75FB9415-C135-4C93-9B35-8C27FB9BF7F3}.Debug|x86.ActiveCfg = Debug|Win32
		{75FB9415-C135-4C93-9B35-8C27FB9BF7F3}.Debug|x86.Build.0 = Debug|Win32
		{75FB9415-C135-4C93-9B35-8C27FB9BF7F3}.Release|x64.ActiveCfg = Release|x64
		{75FB9415-C135-4C93-9B35-8C27FB9BF7F3}.Release|x64.Build.0 = Release|x64
		{75FB9415-C135-4C93-9B35-8C27FB9BF7F3}.Release|x86.ActiveCfg = Release|Win32
		{75FB9415-C135-4C93-9B35-8C27FB9BF7F3}.Release|x86.Build.0 = Release|Win32
		{454E2EDD-4E64-49AE-8B29-9AC94FAC2494}.Debug|x64.ActiveCfg = Debug|x64
		{454E2EDD-4E64-49AE-8B29-9AC94FAC2494}.Debug|x64.Build.0 = Debug|x64
		{454E2EDD-4E64-49AE-8B29-9AC94FAC2494}.Debug|x86.ActiveCfg = Debug|Win32
		{454E2EDD-4E64-49AE-8B29-9AC94FAC2494}.Debug|x86.Build.0 = Debug|Win32
		{454E2EDD-4E64-49AE-8B29-9AC94FAC2494}.Release|x64.ActiveCfg = Release|x64
		{454E2EDD-4E64-49AE-8B29-9AC94FAC2494}.Release|x64.Build.0 = Release|x64
		{454E2EDD-4E64-49AE-8B29-9AC94FAC2494}.Release|x86.ActiveCfg = Release|Win32
		{454E2EDD-4E64-49AE-8B29-9AC94FAC2494}.Release|x86.Build.0 = Release|Win32
		{BDD38E45-5E08-4654-80AB-204A7C4A3FF3}.Debug|x64.ActiveCfg = Debug|x64
		{BDD38E45-5E08-4654-80AB-204A7C4A3FF3}.Debug|x64.Build.0 = Debug|x64
		{BDD38E45-5E08-4654-80AB-204A7C4A3FF3}.Debug|x86.ActiveCfg = Debug|Win32
		{BDD38E45-5E08-4654-80AB-204A7C4A3FF3}.Debug|x86.Build.0 = Debug|Win32
		{BDD38E45-5E08-4654-80AB-204A7C4A3FF3}.Release|x64.ActiveCfg = Release|x64
		{BDD38E45-5E08-4654-80AB-204A7C4A3FF3}.Release|x64.Build.0 = Release|x64
		{BDD38E45-5E08-4654-80AB-204A7C4A3FF3}.Release|x86.ActiveCfg = Release|Win32
		{BDD38E45-5E08-4654-80AB-204A7C4A3FF3}.Release|x86.Build.0 = Release|Win32
		{BE228814-A8FE-45F3-91A8-5F73AD61AB02}.Debug|x64.ActiveCfg = Debug|x64
		{BE228814-A8FE-45F3-91A8-5F73AD61AB02}.Debug|x64.Build.0 = Debug|x64
		{BE228814-A8FE-45F3-91A8-5F73AD61AB02}.Debug|x86.ActiveCfg = Debug|Win32
		{BE228814-A8FE-45F3-91A8-5F73AD61AB02}.Debug|x86.Build.0 = Debug|Win32
		{BE228814-A8FE-45F3-91A8-5F73AD61AB02}.Release|x64.ActiveCfg = Release|x64
		{BE228814-A8FE-45F3-91A8-5F73AD61AB02}.Release|x64.Build.0 = Release|x64
		{BE228814-A8FE-45F3-91A8-5F73AD61AB02}.Release|x86.ActiveCfg = Release|Win32
		{BE228814-A8FE-45F3-91A8-5F73AD61AB02}.Release|x86.Build.0 = Release|Win32
		{2D456930-7EE8-4CE4-965A-A85A744F8515}.Debug|x64.ActiveCfg = Debug|x64
		{2D456930-7EE8-4CE4-965A-A85A744F8515}.Debug|x64.Build.0 = Debug|x64
		{2D456930-7EE8-4CE4-965A-A85A744F8515}.Debug|x86.ActiveCfg = Debug|Win32
		{2D456930-7EE8-4CE4-965A-A85A744F8515}.Debug|x86.Build.0 = Debug|Win32
		{2D456930-7EE8-4CE4-965A-A85A744F8515}.Release|x64.ActiveCfg = Release|x64
		{2D456930-7EE8-4CE4-965A-A85A744F8515}.Release|x64.Build.0 = Release|x64
		{2D456930-7EE8-4CE4-965A-A85A744F8515}.Release|x86.ActiveCfg = Release|Win32
		{2D456930-7EE8-4CE4-965A-A85A744F8515}.Release|x86.Build.0 = Release|Win32
		{8713DCC9-E21C-485A-99E5-B8D1E5AD91B6}.Debug|x64.ActiveCfg = Debug|x64
		{8713DCC9-E21C-485A-99E5-B8D1E5AD91B6}.Debug|x64.Build.0 = Debug|x64
		{8713DCC9-E21C-485A-99E5-B8D1E5AD91B6}.Debug|x86.ActiveCfg = Debug|Win32
		{8713DCC9-E21C-485A-99E5-B8D1E5AD91B6}.Debug|x86.Build.0 = Debug|Win32
		{8713DCC9-E21C-485A-99E5-B8D1E5AD91B6}.Release|x64.ActiveCfg = Release|x64
		{8713DCC9-E21C-485A-99E5-B8D1E5AD91B6}.Release|x64.Build.0 = Release|x64
		{8713DCC9-E21C-485A-99E5-B8D1E5AD91B6}.Release|x86.ActiveCfg = Release|Win32
		{8713DCC9-E21C-485A-99E5-B8D1E5AD91B6}.Release|x86.Build.0 = Release|Win32
		{19D1BAEA-0053-4B68-A3A3-FE3A2F4D7E46}.Debug|x64.ActiveCfg = Debug|x64
		{19D1BAEA-0053-4B68-A3A3-FE3A2F4D7E46}.Debug|x64.Build.0 = Debug|x64
		{19D1BAEA-0053-4B68-A3A3-FE3A2F4D7E46}.Debug|x86.ActiveCfg = Debug|Win32
		{19D1BAEA-0053-4B68-A3A3-FE3A2F4D7E46}.Debug|x86.Build.0 = Debug|Win32
		{19D1BAEA-0053-4B68-A3A3-FE3A2F4D7E46}.Release|x64.ActiveCfg = Release|x64
		{19D1BAEA-0053-4B68-A3A3-FE3A2F4D7E46}.Release|x64.Build.0 = Release|x64
		{19D1BAEA-0053-4B68-A3A3-FE3A2F4D7E46}.Release|x86.ActiveCfg = Release|Win32
		{19D1BAEA-0053-4B68-A3A3-FE3A2F4D7E46}.Release|x86.Build.0 = Release|Win32
		{7CDBAD5D-00B5-4477-965E-803411B39454}.Debug|x64.ActiveCfg = Debug|Win32
		{7CDBAD5D-00B5-4477-965E-803411B39454}.Debug|x64.Build.0 = Debug|Win32
		{7CDBAD5D-00B5-4477-965E-803411B39454}.Debug|x86.ActiveCfg = Debug|Win32
		{7CDBAD5D-00B5-4477-965E-803411B39454}.Debug|x86.Build.0 = Debug|Win32
		{7CDBAD5D-00B5-4477-965E-803411B39454}.Release|x64.ActiveCfg = Release|Win32
		{7CDBAD5D-00B5-4477-965E-803411B39454}.Release|x64.Build.0 = Release|Win32
		{7CDBAD5D-00B5-4477-965E-803411B39454}.Release|x86.ActiveCfg = Release|Win32
		{7CDBAD5D-00B5-4477-965E-803411B39454}.Release|x86.Build.0 = Release|Win32
		{A6E2E3B7-2B0D-42C5-8793-ED3826D11267}.Debug|x64.ActiveCfg = Debug|x64
		{A6E2E3B7-2B0D-42C5-8793-ED3826D11267}.Debug|x64.Build.0 = Debug|x64
		{A6E2E3B7-2B0D-42C5-8793-ED3826D11267}.Debug|x86.ActiveCfg = Debug|Win32
		{A6E2E3B7-2B0D-42C5-8793-ED3826D11267}.Debug|x86.Build.0 = Debug|Win32
		{A6E2E3B7-2B0D-42C5-8793-ED3826D11267}.Release|x64.ActiveCfg = Release|x64
		{A6E2E3B7-2B0D-42C5-8793-ED3826D11267}.Release|x64.Build.0 = Release|x64
		{A6E2E3B7-2B0D-42C5-8793-ED3826D11267}.Release|x86.ActiveCfg = Release|Win32
		{A6E2E3B7-2B0D-42C5-8793-ED3826D11267}.Release|x86.Build.0 = Release|Win32
		{313FDBB5-6FD1-4109-B3D9-DD7F943E981D}.Debug|x64.ActiveCfg = Debug|x64
		{313FDBB5-6FD1-4109-B3D9-DD7F943E981D}.Debug|x64.Build.0 = Debug|x64
		{313FDBB5-6FD1-4109-B3D9-DD7F943E981D}.Debug|x86.ActiveCfg = Debug|Win32
		{313FDBB5-6FD1-4109-B3D9-DD7F943E981D}.Debug|x86.Build.0 = Debug|Win32
		{313FDBB5-6FD1-4109-B3D9-DD7F943E981D}.Release|x64.ActiveCfg = Release|x64
		{313FDBB5-6FD1-4109-B3D9-DD7F943E981D}.Release|x64.Build.0 = Release|x64
		{313FDBB5-6FD1-4109-B3D9-DD7F943E981D}.Release|x86.ActiveCfg = Release|Win32
		{313FDBB5-6FD1-4109-B3D9-DD7F943E981D}.Release|x86.Build.0 = Release|Win32
		{845F508D-8AB3-4A87-8CA7-C6C85D4FC049}.Debug|x64.ActiveCfg = Debug|x64
		{845F508D-8AB3-4A87-8CA7-C6C85D4FC049}.Debug|x64.Build.0 = Debug|x64
		{845F508D-8AB3-4A87-8CA7-C6C85D4FC049}.Debug|x86.ActiveCfg = Debug|Win32
		{845F508D-8AB3-4A87-8CA7-C6C85D4FC049}.Debug|x86.Build.0 = Debug|Win32
		{845F508D-8AB3-4A87-8CA7-C6C85D4FC049}.Release|x64.ActiveCfg = Release|x64
		{845F508D-8AB3-4A87-8CA7-C6C85D4FC049}.Release|x64.Build.0 = Release|x64
		{845F508D-8AB3-4A87-8CA7-C6C85D4FC049}.Release|x86.ActiveCfg = Release|Win32
		{845F508D-8AB3-4A87-8CA7-C6C85D4FC049}.Release|x86.Build.0 = Release|Win32
		{2E36C05E-EE34-4F1A-98C0-46951826465E}.Debug|x64.ActiveCfg = Debug|x64
		{2E36C05E-EE34-4F1A-98C0-46951826465E}.Debug|x64.Build.0 = Debug|x64
		{2E36C05E-EE34-4F1A-98C0-46951826465E}.Debug|x86.ActiveCfg = Debug|Win32
		{2E36C05E-EE34-4F1A-98C0-46951826465E}.Debug|x86.Build.0 = Debug|Win32
		{2E36C05E-EE34-4F1A-98C0-46951826465E}.Release|x64.ActiveCfg = Release|x64
		{2E36C05E-EE34-4F1A-98C0-46951826465E}.Release|x64.Build.0 = Release|x64
		{2E36C05E-EE34-4F1A-98C0-46951826465E}.Release|x86.ActiveCfg = Release|Win32
		{2E36C05E-EE34-4F1A-98C0-46951826465E}.Release|x86.Build.0 = Release|Win32
		{795555A9-D557-4467-97CE-D911C2A83FA5}.Debug|x64.ActiveCfg = Debug|Win32
		{795555A9-D557-4467-97CE-D911C2A83FA5}.Debug|x64.Build.0 = Debug|Win32
		{795555A9-D557-4467-97CE-D911C2A83FA5}.Debug|x86.ActiveCfg = Debug|Win32
		{795555A9-D557-4467-97CE-D911C2A83FA5}.Debug|x86.Build.0 = Debug|Win32
		{795555A9-D557-4467-97CE-D911C2A83FA5}.Release|x64.ActiveCfg = Release|Win32
		{795555A9-D557-4467-97CE-D911C2A83FA5}.Release|x64.Build.0 = Release|Win32
		{795555A9-D557-4467-97CE-D911C2A83FA5}.Release|x86.ActiveCfg = Release|Win32
		{795555A9-D557-4467-97CE-D911C2A83FA5}.Release|x86.Build.0 = Release|Win32
		{C4680F18-E037-4881-A760-CF9AC4C668C5}.Debug|x64.ActiveCfg = Debug|x64
		{C4680F18-E037-4881-A760-CF9AC4C668C5}.Debug|x64.Build.0 = Debug|x64
		{C4680F18-E037-4881-A760-CF9AC4C668C5}.Debug|x86.ActiveCfg = Debug|Win32
		{C4680F18-E037-4881-A760-CF9AC4C668C5}.Debug|x86.Build.0 = Debug|Win32
		{C4680F18-E037-4881-A760-CF9AC4C668C5}.Release|x64.ActiveCfg = Release|x64
		{C4680F18-E037-4881-A760-CF9AC4C668C5}.Release|x64.Build.0 = Release|x64
		{C4680F18-E037-4881-A760-CF9AC4C668C5}.Release|x86.ActiveCfg = Release|Win32
		{C4680F18-E037-4881-A760-CF9AC4C668C5}.Release|x86.Build.0 = Release|Win32
		{B590A678-E935-4AED-AF1F-3B6D02A4AE95}.Debug|x64.ActiveCfg = Debug|x64
		{B590A678-E935-4AED-AF1F-3B6D02A4AE95}.Debug|x64.Build.0 = Debug|x64
		{B590A678-E935-4AED-AF1F-3B6D02A4AE95}.Debug|x86.ActiveCfg = Debug|Win32
		{B590A678-E935-4AED-AF1F-3B6D02A4AE95}.Debug|x86.Build.0 = Debug|Win32
		{B590A678-E935-4AED-AF1F-3B6D02A4AE95}.Release|x64.ActiveCfg = Release|x64
		{B590A678-E935-4AED-AF1F-3B6D02A4AE95}.Release|x64.Build.0 = Release|x64
		{B590A678-E935-4AED-AF1F-3B6D02A4AE95}.Release|x86.ActiveCfg = Release|Win32
		{B590A678-E935-4AED-AF1F-3B6D02A4AE95}.Release|x86.Build.0 = Release|Win32
		{BDC63514-5D6B-4C7E-BC4F-11F19364456A}.Debug|x64.ActiveCfg = Debug|x64
		{BDC63514-5D6B-4C7E-BC4F-11F19364456A}.Debug|x64.Build.0 = Debug|x64
		{BDC63514-5D6B-4C7E-BC4F-11F19364456A}.Debug|x86.ActiveCfg = Debug|Win32
		{BDC63514-5D6B-4C7E-BC4F-11F19364456A}.Debug|x86.Build.0 = Debug|Win32
		{BDC63514-5D6B-4C7E-BC4F-11F19364456A}.Release|x64.ActiveCfg = Release|x64
		{BDC63514-5D6B-4C7E-BC4F-11F19364456A}.Release|x64.Build.0 = Release|x64
		{BDC63514-5D6B-4C7E-BC4F-11F19364456A}.Release|x86.ActiveCfg = Release|Win32
		{BDC63514-5D6B-4C7E-BC4F-11F19364456A}.Release|x86.Build.0 = Release|Win32
		{3F4D6E80-3635-4577-B6AC-CE8B90068BDD}.Debug|x64.ActiveCfg = Debug|x64
		{3F4D6E80-3635-4577-B6AC-CE8B90068BDD}.Debug|x64.Build.0 = Debug|x64
		{3F4D6E80-3635-4577-B6AC-CE8B90068BDD}.Debug|x86.ActiveCfg = Debug|Win32
		{3F4D6E80-3635-4577-B6AC-CE8B90068BDD}.Debug|x86.Build.0 = Debug|Win32
		{3F4D6E80-3635-4577-B6AC-CE8B90068BDD}.Release|x64.ActiveCfg = Release|x64
		{3F4D6E80-3635-4577-B6AC-CE8B90068BDD}.Release|x64.Build.0 = Release|x64
		{3F4D6E80-3635-4577-B6AC-CE8B90068BDD}.Release|x86.ActiveCfg = Release|Win32
		{3F4D6E80-3635-4577-B6AC-CE8B90068BDD}.Release|x86.Build.0 = Release|Win32
		{CC70F8A7-F444-431E-AD79-9451FBDDD6C2}.Debug|x64.ActiveCfg = Debug|x64
		{CC70F8A7-F444-431E-AD79-9451FBDDD6C2}.Debug|x64.Build.0 = Debug|x64
		{CC70F8A7-F444-431E-AD79-9451FBDDD6C2}.Debug|x86.ActiveCfg = Debug|Win32
		{CC70F8A7-F444-431E-AD79-9451FBDDD6C2}.Debug|x86.Build.0 = Debug|Win32
		{CC70F8A7-F444-431E-AD79-9451FBDDD6C2}.Release|x64.ActiveCfg = Release|x64
		{CC70F8A7-F444-431E-AD79-9451FBDDD6C2}.Release|x64.Build.0 = Release|x64
		{CC70F8A7-F444-431E-AD79-9451FBDDD6C2}.Release|x86.ActiveCfg = Release|Win32
		{CC70F8A7-F444-431E-AD79-9451FBDDD6C2}.Release|x86.Build.0 = Release|Win32
		{D232909E-96E9-4DB0-948F-2A4CFE9523FE}.Debug|x64.ActiveCfg = Debug|x64
		{D232909E-96E9-4DB0-948F-2A4CFE9523FE}.Debug|x64.Build.0 = Debug|x64
		{D232909E-96E9-4DB0-948F-2A4CFE9523FE}.Debug|x86.ActiveCfg = Debug|Win32
		{D232909E-96E9-4DB0-948F-2A4CFE9523FE}.Debug|x86.Build.0 = Debug|Win32
		{D232909E-96E9-4DB0-948F-2A4CFE9523FE}.Release|x64.ActiveCfg = Release|x64
		{D232909E-96E9-4DB0-948F-2A4CFE9523FE}.Release|x64.Build.0 = Release|x64
		{D232909E-96E9-4DB0-948F-2A4CFE9523FE}.Release|x86.ActiveCfg = Release|Win32
		{D232909E-96E9-4DB0-948F-2A4CFE9523FE}.Release|x86.Build.0 = Release|Win32
		{9A7A8A96-BCBD-4F71-ACC2-97F4B249348F}.Debug|x64.ActiveCfg = Debug|x64
		{9A7A8A96-BCBD-4F71-ACC2-97F4B249348F}.Debug|x64.Build.0 = Debug|x64
		{9A7A8A96-BCBD-4F71-ACC2-97F4B249348F}.Debug|x86.ActiveCfg = Debug|Win32
		{9A7A8A96-BCBD-4F71-ACC2-97F4B249348F}.Debug|x86.Build.0 = Debug|Win32
		{9A7A8A96-BCBD-4F71-ACC2-97F4B249348F}.Release|x64.ActiveCfg = Release|x64
		{9A7A8A96-BCBD-4F71-ACC2-97F4B249348F}.Release|x64.Build.0 = Release|x64
		{9A7A8A96-BCBD-4F71-ACC2-97F4B249348F}.Release|x86.ActiveCfg = Release|Win32
		{9A7A8A96-BCBD-4F71-ACC2-97F4B249348F}.Release|x86.Build.0 = Release|Win32
		{AADC3E72-64A2-4329-934A-9F10A18A2EB4}.Debug|x64.ActiveCfg = Debug|x64
		{AADC3E72-64A2-4329-934A-9F10A18A2EB4}.Debug|x64.Build.0 = Debug|x64
		{AADC3E72-64A2-4329-934A-9F10A18A2EB4}.Debug|x86.ActiveCfg = Debug|Win32
		{AADC3E72-64A2-4329-934A-9F10A18A2EB4}.Debug|x86.Build.0 = Debug|Win32
		{AADC3E72-64A2-4329-934A-9F10A18A2EB4}.Release|x64.ActiveCfg = Release|x64
		{AADC3E72-64A2-4329-934A-9F10A18A2EB4}.Release|x64.Build.0 = Release|x64
		{AADC3E72-64A2-4329-934A-9F10A18A2EB4}.Release|x86.ActiveCfg = Release|Win32
		{AADC3E72-64A2-4329-934A-9F10A18A2EB4}.Release|x86.Build.0 = Release|Win32
		{CD430455-CBB3-4A99-9C37-4715BA8C7BB0}.Debug|x64.ActiveCfg = Debug|x64
		{CD430455-CBB3-4A99-9C37-4715BA8C7BB0}.Debug|x64.Build.0 = Debug|x64
		{CD430455-CBB3-4A99-9C37-4715BA8C7BB0}.Debug|x86.ActiveCfg = Debug|Win32
		{CD430455-CBB3-4A99-9C37-4715BA8C7BB0}.Debug|x86.Build.0 = Debug|Win32
		{CD430455-CBB3-4A99-9C37-4715BA8C7BB0}.Release|x64.ActiveCfg = Release|x64
		{CD430455-CBB3-4A99-9C37-4715BA8C7BB0}.Release|x64.Build.0 = Release|x64
		{CD430455-CBB3-4A99-9C37-4715BA8C7BB0}.Release|x86.ActiveCfg = Release|Win32
		{CD430455-CBB3-4A99-9C37-4715BA8C7BB0}.Release|x86.Build.0 = Release|Win32
		{EF57D46A-E2DF-4E41-A1BE-38A50504727F}.Debug|x64.ActiveCfg = Debug|x64
		{EF57D46A-E2DF-4E41-A1BE-38A50504727F}.Debug|x64.Build.0 = Debug|x64
		{EF57D46A-E2DF-4E41-A1BE-38A50504727F}.Debug|x86.ActiveCfg = Debug|Win32
		{EF57D46A-E2DF-4E41-A1BE-38A50504727F}.Debug|x86.Build.0 = Debug|Win32
		{EF57D46A-E2DF-4E41-A1BE-38A50504727F}.Release|x64.ActiveCfg = Release|x64
		{EF57D46A-E2DF-4E41-A1BE-38A50504727F}.Release|x64.Build.0 = Release|x64
		{EF57D46A-E2DF-4E41-A1BE-38A50504727F}.Release|x86.ActiveCfg = Release|Win32
		{EF57D46A-E2DF-4E41-A1BE-38A50504727F}.Release|x86.Build.0 = Release|Win32
		{9B73E713-1885-4497-859D-96F23C5B4241}.Debug|x64.ActiveCfg = Debug|x64
		{9B73E713-1885-4497-859D-96F23C5B4241}.Debug|x64.Build.0 = Debug|x64
		{9B73E713-1885-4497-859D-96F23C5B4241}.Debug|x86.ActiveCfg = Debug|Win32
		{9B73E713-1885-4497-859D-96F23C5B4241}.Debug|x86.Build.0 = Debug|Win32
		{9B73E713-1885-4497-859D-96F23C5B4241}.Release|x64.ActiveCfg = Release|x64
		{9B73E713-1885-4497-859D-96F23C5B4241}.Release|x64.Build.0 = Release|x64
		{9B73E713-1885-4497-859D-96F23C5B4241}.Release|x86.ActiveCfg = Release|Win32
		{9B73E713-1885-4497-859D-96F23C5B4241}.Release|x86.Build.0 = Release|Win32
		{F333FA0C-2AC5-45BC-B0AC-329F1010EB84}.Debug|x64.ActiveCfg = Debug|x64
		{F333FA0C-2AC5-45BC-B0AC-329F1010EB84}.Debug|x64.Build.0 = Debug|x64
		{F333FA0C-2AC5-45BC-B0AC-329F1010EB84}.Debug|x86.ActiveCfg = Debug|Win32
		{F333FA0C-2AC5-45BC-B0AC-329F1010EB84}.Debug|x86.Build.0 = Debug|Win32
		{F333FA0C-2AC5-45BC-B0AC-329F1010EB84}.Release|x64.ActiveCfg = Release|x64
		{F333FA0C-2AC5-45BC-B0AC-329F1010EB84}.Release|x64.Build.0 = Release|x64
		{F333FA0C-2AC5-45BC-B0AC-329F1010EB84}.Release|x86.ActiveCfg = Release|Win32
		{F333FA0C-2AC5-45BC-B0AC-329F1010EB84}.Release|x86.Build.0 = Release|Win32
		{FF995222-9160-428F-98AA-A5089B361AF4}.Debug|x64.ActiveCfg = Debug|x64
		{FF995222-9160-428F-98AA-A5089B361AF4}.Debug|x64.Build.0 = Debug|x64
		{FF995222-9160-428F-98AA-A5089B361AF4}.Debug|x86.ActiveCfg = Debug|Win32
		{FF995222-9160-428F-98AA-A5089B361AF4}.Debug|x86.Build.0 = Debug|Win32
		{FF995222-9160-428F-98AA-A5089B361AF4}.Release|x64.ActiveCfg = Release|x64
		{FF995222-9160-428F-98AA-A5089B361AF4}.Release|x64.Build.0 = Release|x64
		{FF995222-9160-428F-98AA-A5089B361AF4}.Release|x86.ActiveCfg = Release|Win32
		{FF995222-9160-428F-98AA-A5089B361AF4}.Release|x86.Build.0 = Release|Win32
		{948DC38F-7E88-4601-8972-A9A1E5D33CFE}.Debug|x64.ActiveCfg = Debug|x64
		{948DC38F-7E88-4601-8972-A9A1E5D33CFE}.Debug|x64.Build.0 = Debug|x64
		{948DC38F-7E88-4601-8972-A9A1E5D33CFE}.Debug|x86.ActiveCfg = Debug|Win32
		{948DC38F-7E88-4601-8972-A9A1E5D33CFE}.Debug|x86.Build.0 = Debug|Win32
		{948DC38F-7E88-4601-8972-A9A1E5D33CFE}.Release|x64.ActiveCfg = Release|x64
		{948DC38F-7E88-4601-8972-A9A1E5D33CFE}.Release|x64.Build.0 = Release|x64
		{948DC38F-7E88-4601-8972-A9A1E5D33CFE}.Release|x86.ActiveCfg = Release|Win32
		{948DC38F-7E88-4601-8972-A9A1E5D33CFE}.Release|x86.Build.0 = Release|Win32
		{70215FDF-6480-4887-9B81-A4AE46FDE9E9}.Debug|x64.ActiveCfg = Debug|x64
		{70215FDF-6480-4887-9B81-A4AE46FDE9E9}.Debug|x64.Build.0 = Debug|x64
		{70215FDF-6480-4887-9B81-A4AE46FDE9E9}.Debug|x86.ActiveCfg = Debug|Win32
		{70215FDF-6480-4887-9B81-A4AE46FDE9E9}.Debug|x86.Build.0 = Debug|Win32
		{70215FDF-6480-4887-9B81-A4AE46FDE9E9}.Release|x64.ActiveCfg = Release|x64
		{70215FDF-6480-4887-9B81-A4AE46FDE9E9}.Release|x64.Build.0 = Release|x64
		{70215FDF-6480-4887-9B81-A4AE46FDE9E9}.Release|x86.ActiveCfg = Release|Win32
		{70215FDF-6480-4887-9B81-A4AE46FDE9E9}.Release|x86.Build.0 = Release|Win32
		{AB8E79E5-61BC-4962-A8F9-6DBA6460B5F0}.Debug|x64.ActiveCfg = Debug|x64
		{AB8E79E5-61BC-4962-A8F9-6DBA6460B5F0}.Debug|x64.Build.0 = Debug|x64
		{AB8E79E5-61BC-4962-A8F9-6DBA6460B5F0}.Debug|x86.ActiveCfg = Debug|Win32
		{AB8E79E5-61BC-4962-A8F9-6DBA6460B5F0}.Debug|x86.Build.0 = Debug|Win32
		{AB8E79E5-61BC-4962-A8F9-6DBA6460B5F0}.Release|x64.ActiveCfg = Release|x64
		{AB8E79E5-61BC-4962-A8F9-6DBA6460B5F0}.Release|x64.Build.0 = Release|x64
		{AB8E79E5-61BC-4962-A8F9-6DBA6460B5F0}.Release|x86.ActiveCfg = Release|Win32
		{AB8E79E5-61BC-4962-A8F9-6DBA6460B5F0}.Release|x86.Build.0 = Release|Win32
		{75D060CC-E53A-40B8-8BBB-9EAF4F5165AC}.Debug|x64.ActiveCfg = Debug|x64
		{75D060CC-E53A-40B8-8BBB-9EAF4F5165AC}.Debug|x64.Build.0 = Debug|x64
		{75D060CC-E53A-40B8-8BBB-9EAF4F5165AC}.Debug|x86.ActiveCfg = Debug|Win32
		{75D060CC-E53A-40B8-8BBB-9EAF4F5165AC}.Debug|x86.Build.0 = Debug|Win32
		{75D060CC-E53A-40B8-8BBB-9EAF4F5165AC}.Release|x64.ActiveCfg = Release|x64
		{75D060CC-E53A-40B8-8BBB-9EAF4F5165AC}.Release|x64.Build.0 = Release|x64
		{75D060CC-E53A-40B8-8BBB-9EAF4F5165AC}.Release|x86.ActiveCfg = Release|Win32
		{75D060CC-E53A-40B8-8BBB-9EAF4F5165AC}.Release|x86.Build.0 = Release|Win32
		{7E7DBAF0-07FC-47E6-827D-D3E713C3A06E}.Debug|x64.ActiveCfg = Debug|x64
		{7E7DBAF0-07FC-47E6-827D-D3E713C3A06E}.Debug|x64.Build.0 = Debug|x64
		{7E7DBAF0-07FC-47E6-827D-D3E713C3A06E}.Debug|x86.ActiveCfg = Debug|Win32
		{7E7DBAF0-07FC-47E6-827D-D3E713C3A06E}.Debug|x86.Build.0 = Debug|Win32
		{7E7DBAF0-07FC-47E6-827D-D3E713C3A06E}.Release|x64.ActiveCfg = Release|x64
		{7E7DBAF0-07FC-47E6-827D-D3E713C3A06E}.Release|x64.Build.0 = Release|x64
		{7E7DBAF0-07FC-47E6-827D-D3E713C3A06E}.Release|x86.ActiveCfg = Release|Win32
		{7E7DBAF0-07FC-47E6-827D-D3E713C3A06E}.Release|x86.Build.0 = Release|Win32
		{0EB5ECAA-3BCB-4B58-9FA9-88176C0E1CFF}.Debug|x64.ActiveCfg = Debug|x64
		{0EB5ECAA-3BCB-4B58-9FA9-88176C0E1CFF}.Debug|x64.Build.0 = Debug|x64
		{0EB5ECAA-3BCB-4B58-9FA9-88176C0E1CFF}.Debug|x86.ActiveCfg = Debug|Win32
		{0EB5ECAA-3BCB-4B58-9FA9-88176C0E1CFF}.Debug|x86.Build.0 = Debug|Win32
		{0EB5ECAA-3BCB-4B58-9FA9-88176C0E1CFF}.Release|x64.ActiveCfg = Release|x64
		{0EB5ECAA-3BCB-4B58-9FA9-88176C0E1CFF}.Release|x64.Build.0 = Release|x64
		{0EB5ECAA-3BCB-4B58-9FA9-88176C0E1CFF}.Release|x86.ActiveCfg = Release|Win32
		{0EB5ECAA-3BCB-4B58-9FA9-88176C0E1CFF}.Release|x86.Build.0 = Release|Win32
		{23D47CEE-6F04-46F2-B680-AF36FB5A386A}.Debug|x64.ActiveCfg = Debug|x64
		{23D47CEE-6F04-46F2-B680-AF36FB5A386A}.Debug|x64.Build.0 = Debug|x64
		{23D47CEE-6F04-46F2-B680-AF36FB5A386A}.Debug|x86.ActiveCfg = Debug|Win32
		{23D47CEE-6F04-46F2-B680-AF36FB5A386A}.Debug|x86.Build.0 = Debug|Win32
		{23D47CEE-6F04-46F2-B680-AF36FB5A386A}.Release|x64.ActiveCfg = Release|x64
		{23D47CEE-6F04-46F2-B680-AF36FB5A386A}.Release|x64.Build.0 = Release|x64
		{23D47CEE-6F04-46F2-B680-AF36FB5A386A}.Release|x86.ActiveCfg = Release|Win32
		{23D47CEE-6F04-46F2-B680-AF36FB5A386A}.Release|x86.Build.0 = Release|Win32
		{99BAD649-F897-4374-B69D-EEB3F9CAE027}.Debug|x64.ActiveCfg = Debug|x64
		{99BAD649-F897-4374-B69D-EEB3F9CAE027}.Debug|x64.Build.0 = Debug|x64
		{99BAD649-F897-4374-B69D-EEB3F9CAE027}.Debug|x86.ActiveCfg = Debug|Win32
		{99BAD649-F897-4374-B69D-EEB3F9CAE027}.Debug|x86.Build.0 = Debug|Win32
		{99BAD649-F897-4374-B69D-EEB3F9CAE027}.Release|x64.ActiveCfg = Release|x64
		{99BAD649-F897-4374-B69D-EEB3F9CAE027}.Release|x64.Build.0 = Release|x64
		{99BAD649-F897-4374-B69D-EEB3F9CAE027}.Release|x86.ActiveCfg = Release|Win32
		{99BAD649-F897-4374-B69D-EEB3F9CAE027}.Release|x86.Build.0 = Release|Win32
		{E5D49BD5-86C4-488D-B373-19E9964EB9C0}.Debug|x64.ActiveCfg = Debug|x64
		{E5D49BD5-86C4-488D-B373-19E9964EB9C0}.Debug|x64.Build.0 = Debug|x64
		{E5D49BD5-86C4-488D-B373-19E9964EB9C0}.Debug|x86.ActiveCfg = Debug|Win32
		{E5D49BD5-86C4-488D-B373-19E9964EB9C0}.Debug|x86.Build.0 = Debug|Win32
		{E5D49BD5-86C4-488D-B373-19E9964EB9C0}.Release|x64.ActiveCfg = Release|x64
		{E5D49BD5-86C4-488D-B373-19E9964EB9C0}.Release|x64.Build.0 = Release|x64
		{E5D49BD5-86C4-488D-B373-19E9964EB9C0}.Release|x86.ActiveCfg = Release|Win32
		{E5D49BD5-86C4-488D-B373-19E9964EB9C0}.Release|x86.Build.0 = Release|Win32
		{5ED524F3-165A-425D-B380-3FA556A48005}.Debug|x64.ActiveCfg = Debug|x64
		{5ED524F3-165A-425D-B380-3FA556A48005}.Debug|x64.Build.0 = Debug|x64
		{5ED524F3-165A-425D-B380-3FA556A48005}.Debug|x86.ActiveCfg = Debug|Win32
		{5ED524F3-165A-425D-B380-3FA556A48005}.Debug|x86.Build.0 = Debug|Win32
		{5ED524F3-165A-425D-B380-3FA556A48005}.Release|x64.ActiveCfg = Release|x64
		{5ED524F3-165A-425D-B380-3FA556A48005}.Release|x64.Build.0 = Release|x64
		{5ED524F3-165A-425D-B380-3FA556A48005}.Release|x86.ActiveCfg = Release|Win32
		{5ED524F3-165A-425D-B380-3FA556A48005}.Release|x86.Build.0 = Release|Win32
		{BB2E3DFF-5328-43B3-A8A1-1E881AFE7884}.Debug|x64.ActiveCfg = Debug|x64
		{BB2E3DFF-5328-43B3-A8A1-1E881AFE7884}.Debug|x64.Build.0 = Debug|x64
		{BB2E3DFF-5328-43B3-A8A1-1E881AFE7884}.Debug|x86.ActiveCfg = Debug|Win32
		{BB2E3DFF-5328-43B3-A8A1-1E881AFE7884}.Debug|x86.Build.0 = Debug|Win32
		{BB2E3DFF-5328-43B3-A8A1-1E881AFE7884}.Release|x64.ActiveCfg = Release|x64
		{BB2E3DFF-5328-43B3-A8A1-1E881AFE7884}.Release|x64.Build.0 = Release|x64
		{BB2E3DFF-5328-43B3-A8A1-1E881AFE7884}.Release|x86.ActiveCfg = Release|Win32
		{BB2E3DFF-5328-43B3-A8A1-1E881AFE7884}.Release|x86.Build.0 = Release|Win32
	EndGlobalSection
	GlobalSection(SolutionProperties) = preSolution
		HideSolutionNode = FALSE
	EndGlobalSection
	GlobalSection(NestedProjects) = preSolution
		{08EDFAC3-2447-4CDF-9B1F-D91C8D9887E7} = {90630E09-8FD7-4510-9CA0-A2136935368C}
		{EBA44FF6-C000-495A-ABE9-E6848AF88F17} = {9DD823BA-3AEF-45A5-8EA1-B453CF4D78DB}
		{66252CDA-3422-41DD-B089-393287D6E614} = {34EB023C-D9A0-414B-BE7D-C747A78E4F5C}
		{F2BE9056-354C-40EA-A16E-3335F07678A6} = {34EB023C-D9A0-414B-BE7D-C747A78E4F5C}
		{64B58804-1012-4A5B-921C-2DA1D631D5E4} = {34EB023C-D9A0-414B-BE7D-C747A78E4F5C}
		{BA776CBA-A555-43D1-B4B8-82A3BEFEFDB9} = {BC7A8527-E24F-4F89-97AF-301120D6D00A}
		{75FB9415-C135-4C93-9B35-8C27FB9BF7F3} = {2DB2BB1B-984F-4CE4-857A-09B96F21A50D}
		{454E2EDD-4E64-49AE-8B29-9AC94FAC2494} = {2DB2BB1B-984F-4CE4-857A-09B96F21A50D}
		{BDD38E45-5E08-4654-80AB-204A7C4A3FF3} = {B21A9AD8-42DA-4305-97B7-E50B07D0D20D}
		{BE228814-A8FE-45F3-91A8-5F73AD61AB02} = {F218FEF7-50F6-4284-A9F1-554D10D2BB4C}
		{2D456930-7EE8-4CE4-965A-A85A744F8515} = {DE4190B1-3FFA-43E6-9A58-C083F5298677}
		{8713DCC9-E21C-485A-99E5-B8D1E5AD91B6} = {DE4190B1-3FFA-43E6-9A58-C083F5298677}
		{19D1BAEA-0053-4B68-A3A3-FE3A2F4D7E46} = {73D3FA0F-8085-43A2-BE56-4FF99D7D24ED}
		{7CDBAD5D-00B5-4477-965E-803411B39454} = {763243BB-34AD-41D5-A255-757AD272D86B}
		{A6E2E3B7-2B0D-42C5-8793-ED3826D11267} = {66BE599E-CE02-4440-A4CD-31154A7432EA}
		{313FDBB5-6FD1-4109-B3D9-DD7F943E981D} = {66BE599E-CE02-4440-A4CD-31154A7432EA}
		{845F508D-8AB3-4A87-8CA7-C6C85D4FC049} = {66BE599E-CE02-4440-A4CD-31154A7432EA}
		{2E36C05E-EE34-4F1A-98C0-46951826465E} = {66BE599E-CE02-4440-A4CD-31154A7432EA}
		{795555A9-D557-4467-97CE-D911C2A83FA5} = {763243BB-34AD-41D5-A255-757AD272D86B}
		{C4680F18-E037-4881-A760-CF9AC4C668C5} = {760C2CE2-5A2C-4A98-9635-7278EC29F60D}
		{B590A678-E935-4AED-AF1F-3B6D02A4AE95} = {139CAB3C-DDCE-48D8-BAD5-CBFCD7EA1883}
		{BDC63514-5D6B-4C7E-BC4F-11F19364456A} = {17142145-F6B6-4739-BA82-984A7C967F45}
		{3F4D6E80-3635-4577-B6AC-CE8B90068BDD} = {17142145-F6B6-4739-BA82-984A7C967F45}
		{CC70F8A7-F444-431E-AD79-9451FBDDD6C2} = {98738A80-C66F-4A0D-9926-1E74BBF30338}
		{D232909E-96E9-4DB0-948F-2A4CFE9523FE} = {E6CE4C2E-321C-4147-BDC5-1F8351B28AAB}
		{9A7A8A96-BCBD-4F71-ACC2-97F4B249348F} = {139CAB3C-DDCE-48D8-BAD5-CBFCD7EA1883}
		{AADC3E72-64A2-4329-934A-9F10A18A2EB4} = {139CAB3C-DDCE-48D8-BAD5-CBFCD7EA1883}
		{CD430455-CBB3-4A99-9C37-4715BA8C7BB0} = {139CAB3C-DDCE-48D8-BAD5-CBFCD7EA1883}
		{EF57D46A-E2DF-4E41-A1BE-38A50504727F} = {139CAB3C-DDCE-48D8-BAD5-CBFCD7EA1883}
		{9B73E713-1885-4497-859D-96F23C5B4241} = {139CAB3C-DDCE-48D8-BAD5-CBFCD7EA1883}
		{F333FA0C-2AC5-45BC-B0AC-329F1010EB84} = {139CAB3C-DDCE-48D8-BAD5-CBFCD7EA1883}
		{FF995222-9160-428F-98AA-A5089B361AF4} = {139CAB3C-DDCE-48D8-BAD5-CBFCD7EA1883}
		{948DC38F-7E88-4601-8972-A9A1E5D33CFE} = {17142145-F6B6-4739-BA82-984A7C967F45}
		{70215FDF-6480-4887-9B81-A4AE46FDE9E9} = {17142145-F6B6-4739-BA82-984A7C967F45}
		{AB8E79E5-61BC-4962-A8F9-6DBA6460B5F0} = {DE4190B1-3FFA-43E6-9A58-C083F5298677}
		{75D060CC-E53A-40B8-8BBB-9EAF4F5165AC} = {DE4190B1-3FFA-43E6-9A58-C083F5298677}
		{7E7DBAF0-07FC-47E6-827D-D3E713C3A06E} = {DE4190B1-3FFA-43E6-9A58-C083F5298677}
		{0EB5ECAA-3BCB-4B58-9FA9-88176C0E1CFF} = {8957D891-DD93-426A-8918-A7AC290D75FC}
		{23D47CEE-6F04-46F2-B680-AF36FB5A386A} = {8957D891-DD93-426A-8918-A7AC290D75FC}
		{99BAD649-F897-4374-B69D-EEB3F9CAE027} = {8957D891-DD93-426A-8918-A7AC290D75FC}
		{E5D49BD5-86C4-488D-B373-19E9964EB9C0} = {8957D891-DD93-426A-8918-A7AC290D75FC}
		{5ED524F3-165A-425D-B380-3FA556A48005} = {8B984F9C-4A17-4861-9ED6-E7B4CDE71326}
		{BB2E3DFF-5328-43B3-A8A1-1E881AFE7884} = {84B5ABAD-1D04-4D97-9193-1F90D81AB465}
	EndGlobalSection
	GlobalSection(ExtensibilityGlobals) = postSolution
		SolutionGuid = {66D88F0D-E298-4B62-8A42-8B68B71961CF}
	EndGlobalSection
EndGlobal
